
Microsoft Visual Studio Solution File, Format Version 12.00
Project("{FAE04EC0-301F-11D3-BF4B-00C04F79EFBC}") = "Account Web Api", "Account Web Api\Account Web Api.csproj", "{8B255C62-3F77-4B5B-A008-C369F0D60079}"
EndProject
Project("{FAE04EC0-301F-11D3-BF4B-00C04F79EFBC}") = "Shopping Web Api", "Shopping Web Api\Shopping Web Api.csproj", "{17D8E5DF-F07C-4403-A4D1-C17713463CCC}"
EndProject
Project("{FAE04EC0-301F-11D3-BF4B-00C04F79EFBC}") = "Application", "Application\Application.csproj", "{F6249BFB-BA04-4353-9DA5-DDA981274810}"
EndProject
Project("{FAE04EC0-301F-11D3-BF4B-00C04F79EFBC}") = "Domain", "Domain\Domain.csproj", "{954FE8F0-1E2A-4CC8-A7CE-048D6020A85C}"
EndProject
Project("{FAE04EC0-301F-11D3-BF4B-00C04F79EFBC}") = "HTTPClients", "HTTPClients\HTTPClients.csproj", "{C8F57233-F975-4F25-B6A8-32F5BD38664F}"
EndProject
Project("{FAE04EC0-301F-11D3-BF4B-00C04F79EFBC}") = "GrpcClientServices", "GrpcClientServices\GrpcClientServices.csproj", "{3D15F355-D09C-47CA-9C0E-59D4381C3790}"
EndProject
Project("{FAE04EC0-301F-11D3-BF4B-00C04F79EFBC}") = "PresentationView", "PresentationView\PresentationView.csproj", "{6416C168-2E92-42A1-B8F2-7C7DD9CF015D}"
EndProject
Project("{FAE04EC0-301F-11D3-BF4B-00C04F79EFBC}") = "Tests", "Tests\Tests.csproj", "{4D727E62-CDAC-46F3-B39E-D9B783B04575}"
EndProject
Global
	GlobalSection(SolutionConfigurationPlatforms) = preSolution
		Debug|Any CPU = Debug|Any CPU
		Release|Any CPU = Release|Any CPU
	EndGlobalSection
	GlobalSection(ProjectConfigurationPlatforms) = postSolution
		{8B255C62-3F77-4B5B-A008-C369F0D60079}.Debug|Any CPU.ActiveCfg = Debug|Any CPU
		{8B255C62-3F77-4B5B-A008-C369F0D60079}.Debug|Any CPU.Build.0 = Debug|Any CPU
		{8B255C62-3F77-4B5B-A008-C369F0D60079}.Release|Any CPU.ActiveCfg = Release|Any CPU
		{8B255C62-3F77-4B5B-A008-C369F0D60079}.Release|Any CPU.Build.0 = Release|Any CPU
		{17D8E5DF-F07C-4403-A4D1-C17713463CCC}.Debug|Any CPU.ActiveCfg = Debug|Any CPU
		{17D8E5DF-F07C-4403-A4D1-C17713463CCC}.Debug|Any CPU.Build.0 = Debug|Any CPU
		{17D8E5DF-F07C-4403-A4D1-C17713463CCC}.Release|Any CPU.ActiveCfg = Release|Any CPU
		{17D8E5DF-F07C-4403-A4D1-C17713463CCC}.Release|Any CPU.Build.0 = Release|Any CPU
		{F6249BFB-BA04-4353-9DA5-DDA981274810}.Debug|Any CPU.ActiveCfg = Debug|Any CPU
		{F6249BFB-BA04-4353-9DA5-DDA981274810}.Debug|Any CPU.Build.0 = Debug|Any CPU
		{F6249BFB-BA04-4353-9DA5-DDA981274810}.Release|Any CPU.ActiveCfg = Release|Any CPU
		{F6249BFB-BA04-4353-9DA5-DDA981274810}.Release|Any CPU.Build.0 = Release|Any CPU
		{954FE8F0-1E2A-4CC8-A7CE-048D6020A85C}.Debug|Any CPU.ActiveCfg = Debug|Any CPU
		{954FE8F0-1E2A-4CC8-A7CE-048D6020A85C}.Debug|Any CPU.Build.0 = Debug|Any CPU
		{954FE8F0-1E2A-4CC8-A7CE-048D6020A85C}.Release|Any CPU.ActiveCfg = Release|Any CPU
		{954FE8F0-1E2A-4CC8-A7CE-048D6020A85C}.Release|Any CPU.Build.0 = Release|Any CPU
		{C8F57233-F975-4F25-B6A8-32F5BD38664F}.Debug|Any CPU.ActiveCfg = Debug|Any CPU
		{C8F57233-F975-4F25-B6A8-32F5BD38664F}.Debug|Any CPU.Build.0 = Debug|Any CPU
		{C8F57233-F975-4F25-B6A8-32F5BD38664F}.Release|Any CPU.ActiveCfg = Release|Any CPU
		{C8F57233-F975-4F25-B6A8-32F5BD38664F}.Release|Any CPU.Build.0 = Release|Any CPU
		{3D15F355-D09C-47CA-9C0E-59D4381C3790}.Debug|Any CPU.ActiveCfg = Debug|Any CPU
		{3D15F355-D09C-47CA-9C0E-59D4381C3790}.Debug|Any CPU.Build.0 = Debug|Any CPU
		{3D15F355-D09C-47CA-9C0E-59D4381C3790}.Release|Any CPU.ActiveCfg = Release|Any CPU
		{3D15F355-D09C-47CA-9C0E-59D4381C3790}.Release|Any CPU.Build.0 = Release|Any CPU
		{6416C168-2E92-42A1-B8F2-7C7DD9CF015D}.Debug|Any CPU.ActiveCfg = Debug|Any CPU
		{6416C168-2E92-42A1-B8F2-7C7DD9CF015D}.Debug|Any CPU.Build.0 = Debug|Any CPU
		{6416C168-2E92-42A1-B8F2-7C7DD9CF015D}.Release|Any CPU.ActiveCfg = Release|Any CPU
		{6416C168-2E92-42A1-B8F2-7C7DD9CF015D}.Release|Any CPU.Build.0 = Release|Any CPU
		{4D727E62-CDAC-46F3-B39E-D9B783B04575}.Debug|Any CPU.ActiveCfg = Debug|Any CPU
		{4D727E62-CDAC-46F3-B39E-D9B783B04575}.Debug|Any CPU.Build.0 = Debug|Any CPU
		{4D727E62-CDAC-46F3-B39E-D9B783B04575}.Release|Any CPU.ActiveCfg = Release|Any CPU
		{4D727E62-CDAC-46F3-B39E-D9B783B04575}.Release|Any CPU.Build.0 = Release|Any CPU
	EndGlobalSection
EndGlobal
